
Microsoft Visual Studio Solution File, Format Version 12.00
# Visual Studio 15
VisualStudioVersion = 15.0.27428.2011
MinimumVisualStudioVersion = 10.0.40219.1
Project("{9092AA53-FB77-4645-B42D-1CCCA6BD08BD}") = "FormationAngular", "FormationAngular.njsproj", "{A12A5A60-C610-4CCF-9ABE-06A1FA46DA05}"
EndProject
Global
	GlobalSection(SolutionConfigurationPlatforms) = preSolution
		Debug|Any CPU = Debug|Any CPU
		Release|Any CPU = Release|Any CPU
	EndGlobalSection
	GlobalSection(ProjectConfigurationPlatforms) = postSolution
		{A12A5A60-C610-4CCF-9ABE-06A1FA46DA05}.Debug|Any CPU.ActiveCfg = Debug|Any CPU
		{A12A5A60-C610-4CCF-9ABE-06A1FA46DA05}.Debug|Any CPU.Build.0 = Debug|Any CPU
		{A12A5A60-C610-4CCF-9ABE-06A1FA46DA05}.Release|Any CPU.ActiveCfg = Release|Any CPU
		{A12A5A60-C610-4CCF-9ABE-06A1FA46DA05}.Release|Any CPU.Build.0 = Release|Any CPU
	EndGlobalSection
	GlobalSection(SolutionProperties) = preSolution
		HideSolutionNode = FALSE
	EndGlobalSection
	GlobalSection(ExtensibilityGlobals) = postSolution
		SolutionGuid = {A78A2C96-2CDB-41E4-B005-478AE13D1BE1}
	EndGlobalSection
EndGlobal
